// !$*UTF8*$!
{
	archiveVersion = 1;
	classes = {
	};
	objectVersion = 50;
	objects = {

/* Begin PBXBuildFile section */
		0CF88AA8B9B7D1EECFABD6F2 /* Pods_ContraintsPractice.framework in Frameworks */ = {isa = PBXBuildFile; fileRef = B9B5B7908C761ADDD98D6670 /* Pods_ContraintsPractice.framework */; };
		E0000BC023FF1E9000283791 /* Box.swift in Sources */ = {isa = PBXBuildFile; fileRef = E0000BBF23FF1E9000283791 /* Box.swift */; };
		E069569C23D776BF0001F903 /* AppDelegate.swift in Sources */ = {isa = PBXBuildFile; fileRef = E069569B23D776BF0001F903 /* AppDelegate.swift */; };
		E069569E23D776BF0001F903 /* SceneDelegate.swift in Sources */ = {isa = PBXBuildFile; fileRef = E069569D23D776BF0001F903 /* SceneDelegate.swift */; };
		E06956A623D776BF0001F903 /* ContraintsPractice.xcdatamodeld in Sources */ = {isa = PBXBuildFile; fileRef = E06956A423D776BF0001F903 /* ContraintsPractice.xcdatamodeld */; };
		E06956A823D776C10001F903 /* Assets.xcassets in Resources */ = {isa = PBXBuildFile; fileRef = E06956A723D776C10001F903 /* Assets.xcassets */; };
		E06956AB23D776C10001F903 /* LaunchScreen.storyboard in Resources */ = {isa = PBXBuildFile; fileRef = E06956A923D776C10001F903 /* LaunchScreen.storyboard */; };
		E074BF4223F51CD900334F8F /* UINavigationController+extensions.swift in Sources */ = {isa = PBXBuildFile; fileRef = E074BF4123F51CD900334F8F /* UINavigationController+extensions.swift */; };
		E074BF4423FB305500334F8F /* LoginViewController.swift in Sources */ = {isa = PBXBuildFile; fileRef = E074BF4323FB305500334F8F /* LoginViewController.swift */; };
		E074BF4623FB519300334F8F /* HomeViewController.swift in Sources */ = {isa = PBXBuildFile; fileRef = E074BF4523FB519200334F8F /* HomeViewController.swift */; };
		E074BF4823FB6B9900334F8F /* NewBoxViewController.swift in Sources */ = {isa = PBXBuildFile; fileRef = E074BF4723FB6B9900334F8F /* NewBoxViewController.swift */; };
		E074BF4A23FB86A700334F8F /* CustomCell.swift in Sources */ = {isa = PBXBuildFile; fileRef = E074BF4923FB86A700334F8F /* CustomCell.swift */; };
		E074BF4C23FB937600334F8F /* Cell.swift in Sources */ = {isa = PBXBuildFile; fileRef = E074BF4B23FB937600334F8F /* Cell.swift */; };
		E074BF4E23FC682400334F8F /* PastBoxesViewController.swift in Sources */ = {isa = PBXBuildFile; fileRef = E074BF4D23FC682400334F8F /* PastBoxesViewController.swift */; };
		E074BF5023FC715300334F8F /* CustomPastBoxCell.swift in Sources */ = {isa = PBXBuildFile; fileRef = E074BF4F23FC715300334F8F /* CustomPastBoxCell.swift */; };
		E0CA772123E0BBEF00AE4955 /* OnboardingViewController.swift in Sources */ = {isa = PBXBuildFile; fileRef = E0CA772023E0BBEF00AE4955 /* OnboardingViewController.swift */; };
		E0CA772323E35D0500AE4955 /* CustomView.swift in Sources */ = {isa = PBXBuildFile; fileRef = E0CA772223E35D0500AE4955 /* CustomView.swift */; };
/* End PBXBuildFile section */

/* Begin PBXFileReference section */
		3A6BE21E05784854CB057431 /* Pods-ContraintsPractice.debug.xcconfig */ = {isa = PBXFileReference; includeInIndex = 1; lastKnownFileType = text.xcconfig; name = "Pods-ContraintsPractice.debug.xcconfig"; path = "Target Support Files/Pods-ContraintsPractice/Pods-ContraintsPractice.debug.xcconfig"; sourceTree = "<group>"; };
		8E5DDA8F90EEAA36A244610F /* Pods-ContraintsPractice.release.xcconfig */ = {isa = PBXFileReference; includeInIndex = 1; lastKnownFileType = text.xcconfig; name = "Pods-ContraintsPractice.release.xcconfig"; path = "Target Support Files/Pods-ContraintsPractice/Pods-ContraintsPractice.release.xcconfig"; sourceTree = "<group>"; };
		B9B5B7908C761ADDD98D6670 /* Pods_ContraintsPractice.framework */ = {isa = PBXFileReference; explicitFileType = wrapper.framework; includeInIndex = 0; path = Pods_ContraintsPractice.framework; sourceTree = BUILT_PRODUCTS_DIR; };
		E0000BBF23FF1E9000283791 /* Box.swift */ = {isa = PBXFileReference; lastKnownFileType = sourcecode.swift; path = Box.swift; sourceTree = "<group>"; };
		E069569823D776BF0001F903 /* ContraintsPractice.app */ = {isa = PBXFileReference; explicitFileType = wrapper.application; includeInIndex = 0; path = ContraintsPractice.app; sourceTree = BUILT_PRODUCTS_DIR; };
		E069569B23D776BF0001F903 /* AppDelegate.swift */ = {isa = PBXFileReference; lastKnownFileType = sourcecode.swift; path = AppDelegate.swift; sourceTree = "<group>"; };
		E069569D23D776BF0001F903 /* SceneDelegate.swift */ = {isa = PBXFileReference; lastKnownFileType = sourcecode.swift; path = SceneDelegate.swift; sourceTree = "<group>"; };
		E06956A523D776BF0001F903 /* ContraintsPractice.xcdatamodel */ = {isa = PBXFileReference; lastKnownFileType = wrapper.xcdatamodel; path = ContraintsPractice.xcdatamodel; sourceTree = "<group>"; };
		E06956A723D776C10001F903 /* Assets.xcassets */ = {isa = PBXFileReference; lastKnownFileType = folder.assetcatalog; path = Assets.xcassets; sourceTree = "<group>"; };
		E06956AA23D776C10001F903 /* Base */ = {isa = PBXFileReference; lastKnownFileType = file.storyboard; name = Base; path = Base.lproj/LaunchScreen.storyboard; sourceTree = "<group>"; };
		E06956AC23D776C10001F903 /* Info.plist */ = {isa = PBXFileReference; lastKnownFileType = text.plist.xml; path = Info.plist; sourceTree = "<group>"; };
		E074BF4123F51CD900334F8F /* UINavigationController+extensions.swift */ = {isa = PBXFileReference; lastKnownFileType = sourcecode.swift; path = "UINavigationController+extensions.swift"; sourceTree = "<group>"; };
		E074BF4323FB305500334F8F /* LoginViewController.swift */ = {isa = PBXFileReference; lastKnownFileType = sourcecode.swift; path = LoginViewController.swift; sourceTree = "<group>"; };
		E074BF4523FB519200334F8F /* HomeViewController.swift */ = {isa = PBXFileReference; lastKnownFileType = sourcecode.swift; path = HomeViewController.swift; sourceTree = "<group>"; };
		E074BF4723FB6B9900334F8F /* NewBoxViewController.swift */ = {isa = PBXFileReference; lastKnownFileType = sourcecode.swift; path = NewBoxViewController.swift; sourceTree = "<group>"; };
		E074BF4923FB86A700334F8F /* CustomCell.swift */ = {isa = PBXFileReference; lastKnownFileType = sourcecode.swift; path = CustomCell.swift; sourceTree = "<group>"; };
		E074BF4B23FB937600334F8F /* Cell.swift */ = {isa = PBXFileReference; lastKnownFileType = sourcecode.swift; path = Cell.swift; sourceTree = "<group>"; };
		E074BF4D23FC682400334F8F /* PastBoxesViewController.swift */ = {isa = PBXFileReference; lastKnownFileType = sourcecode.swift; path = PastBoxesViewController.swift; sourceTree = "<group>"; };
		E074BF4F23FC715300334F8F /* CustomPastBoxCell.swift */ = {isa = PBXFileReference; lastKnownFileType = sourcecode.swift; path = CustomPastBoxCell.swift; sourceTree = "<group>"; };
		E0CA772023E0BBEF00AE4955 /* OnboardingViewController.swift */ = {isa = PBXFileReference; lastKnownFileType = sourcecode.swift; path = OnboardingViewController.swift; sourceTree = "<group>"; };
		E0CA772223E35D0500AE4955 /* CustomView.swift */ = {isa = PBXFileReference; lastKnownFileType = sourcecode.swift; path = CustomView.swift; sourceTree = "<group>"; };
/* End PBXFileReference section */

/* Begin PBXFrameworksBuildPhase section */
		E069569523D776BF0001F903 /* Frameworks */ = {
			isa = PBXFrameworksBuildPhase;
			buildActionMask = 2147483647;
			files = (
				0CF88AA8B9B7D1EECFABD6F2 /* Pods_ContraintsPractice.framework in Frameworks */,
			);
			runOnlyForDeploymentPostprocessing = 0;
		};
/* End PBXFrameworksBuildPhase section */

/* Begin PBXGroup section */
		2D0C38F88A44D14DDA6AD0DA /* Frameworks */ = {
			isa = PBXGroup;
			children = (
				B9B5B7908C761ADDD98D6670 /* Pods_ContraintsPractice.framework */,
			);
			name = Frameworks;
			sourceTree = "<group>";
		};
		2FE33BBBE18B4B51F353F3F7 /* Pods */ = {
			isa = PBXGroup;
			children = (
				3A6BE21E05784854CB057431 /* Pods-ContraintsPractice.debug.xcconfig */,
				8E5DDA8F90EEAA36A244610F /* Pods-ContraintsPractice.release.xcconfig */,
			);
			path = Pods;
			sourceTree = "<group>";
		};
		E069568F23D776BF0001F903 = {
			isa = PBXGroup;
			children = (
				E069569A23D776BF0001F903 /* ContraintsPractice */,
				E069569923D776BF0001F903 /* Products */,
				2FE33BBBE18B4B51F353F3F7 /* Pods */,
				2D0C38F88A44D14DDA6AD0DA /* Frameworks */,
			);
			sourceTree = "<group>";
		};
		E069569923D776BF0001F903 /* Products */ = {
			isa = PBXGroup;
			children = (
				E069569823D776BF0001F903 /* ContraintsPractice.app */,
			);
			name = Products;
			sourceTree = "<group>";
		};
		E069569A23D776BF0001F903 /* ContraintsPractice */ = {
			isa = PBXGroup;
			children = (
				E0C8F4E123E9EDED00A4E06B /* Models */,
				E0C8F4E323E9EDFF00A4E06B /* Views */,
				E0C8F4E223E9EDF800A4E06B /* Controllers */,
				E069569B23D776BF0001F903 /* AppDelegate.swift */,
				E069569D23D776BF0001F903 /* SceneDelegate.swift */,
				E074BF4123F51CD900334F8F /* UINavigationController+extensions.swift */,
				E06956A923D776C10001F903 /* LaunchScreen.storyboard */,
				E06956A723D776C10001F903 /* Assets.xcassets */,
				E06956A423D776BF0001F903 /* ContraintsPractice.xcdatamodeld */,
				E06956AC23D776C10001F903 /* Info.plist */,
			);
			path = ContraintsPractice;
			sourceTree = "<group>";
		};
		E0C8F4E123E9EDED00A4E06B /* Models */ = {
			isa = PBXGroup;
			children = (
				E074BF4B23FB937600334F8F /* Cell.swift */,
				E0000BBF23FF1E9000283791 /* Box.swift */,
			);
			path = Models;
			sourceTree = "<group>";
		};
		E0C8F4E223E9EDF800A4E06B /* Controllers */ = {
			isa = PBXGroup;
			children = (
				E0CA772023E0BBEF00AE4955 /* OnboardingViewController.swift */,
				E074BF4323FB305500334F8F /* LoginViewController.swift */,
				E074BF4523FB519200334F8F /* HomeViewController.swift */,
				E074BF4723FB6B9900334F8F /* NewBoxViewController.swift */,
				E074BF4D23FC682400334F8F /* PastBoxesViewController.swift */,
			);
			path = Controllers;
			sourceTree = "<group>";
		};
		E0C8F4E323E9EDFF00A4E06B /* Views */ = {
			isa = PBXGroup;
			children = (
				E0CA772223E35D0500AE4955 /* CustomView.swift */,
				E074BF4923FB86A700334F8F /* CustomCell.swift */,
				E074BF4F23FC715300334F8F /* CustomPastBoxCell.swift */,
			);
			path = Views;
			sourceTree = "<group>";
		};
/* End PBXGroup section */

/* Begin PBXNativeTarget section */
		E069569723D776BF0001F903 /* ContraintsPractice */ = {
			isa = PBXNativeTarget;
			buildConfigurationList = E06956AF23D776C10001F903 /* Build configuration list for PBXNativeTarget "ContraintsPractice" */;
			buildPhases = (
				E7DE3D03F6A8D2727CF5A1B0 /* [CP] Check Pods Manifest.lock */,
				E069569423D776BF0001F903 /* Sources */,
				E069569523D776BF0001F903 /* Frameworks */,
				E069569623D776BF0001F903 /* Resources */,
			);
			buildRules = (
			);
			dependencies = (
			);
			name = ContraintsPractice;
			productName = ContraintsPractice;
			productReference = E069569823D776BF0001F903 /* ContraintsPractice.app */;
			productType = "com.apple.product-type.application";
		};
/* End PBXNativeTarget section */

/* Begin PBXProject section */
		E069569023D776BF0001F903 /* Project object */ = {
			isa = PBXProject;
			attributes = {
				LastSwiftUpdateCheck = 1120;
				LastUpgradeCheck = 1120;
				ORGANIZATIONNAME = "Gonzalo Birrueta";
				TargetAttributes = {
					E069569723D776BF0001F903 = {
						CreatedOnToolsVersion = 11.2;
					};
				};
			};
			buildConfigurationList = E069569323D776BF0001F903 /* Build configuration list for PBXProject "ContraintsPractice" */;
			compatibilityVersion = "Xcode 9.3";
			developmentRegion = en;
			hasScannedForEncodings = 0;
			knownRegions = (
				en,
				Base,
			);
			mainGroup = E069568F23D776BF0001F903;
			productRefGroup = E069569923D776BF0001F903 /* Products */;
			projectDirPath = "";
			projectRoot = "";
			targets = (
				E069569723D776BF0001F903 /* ContraintsPractice */,
			);
		};
/* End PBXProject section */

/* Begin PBXResourcesBuildPhase section */
		E069569623D776BF0001F903 /* Resources */ = {
			isa = PBXResourcesBuildPhase;
			buildActionMask = 2147483647;
			files = (
				E06956AB23D776C10001F903 /* LaunchScreen.storyboard in Resources */,
				E06956A823D776C10001F903 /* Assets.xcassets in Resources */,
			);
			runOnlyForDeploymentPostprocessing = 0;
		};
/* End PBXResourcesBuildPhase section */

/* Begin PBXShellScriptBuildPhase section */
		E7DE3D03F6A8D2727CF5A1B0 /* [CP] Check Pods Manifest.lock */ = {
			isa = PBXShellScriptBuildPhase;
			buildActionMask = 2147483647;
			files = (
			);
			inputFileListPaths = (
			);
			inputPaths = (
				"${PODS_PODFILE_DIR_PATH}/Podfile.lock",
				"${PODS_ROOT}/Manifest.lock",
			);
			name = "[CP] Check Pods Manifest.lock";
			outputFileListPaths = (
			);
			outputPaths = (
				"$(DERIVED_FILE_DIR)/Pods-ContraintsPractice-checkManifestLockResult.txt",
			);
			runOnlyForDeploymentPostprocessing = 0;
			shellPath = /bin/sh;
			shellScript = "diff \"${PODS_PODFILE_DIR_PATH}/Podfile.lock\" \"${PODS_ROOT}/Manifest.lock\" > /dev/null\nif [ $? != 0 ] ; then\n    # print error to STDERR\n    echo \"error: The sandbox is not in sync with the Podfile.lock. Run 'pod install' or update your CocoaPods installation.\" >&2\n    exit 1\nfi\n# This output is used by Xcode 'outputs' to avoid re-running this script phase.\necho \"SUCCESS\" > \"${SCRIPT_OUTPUT_FILE_0}\"\n";
			showEnvVarsInLog = 0;
		};
/* End PBXShellScriptBuildPhase section */

/* Begin PBXSourcesBuildPhase section */
		E069569423D776BF0001F903 /* Sources */ = {
			isa = PBXSourcesBuildPhase;
			buildActionMask = 2147483647;
			files = (
				E074BF4423FB305500334F8F /* LoginViewController.swift in Sources */,
				E0000BC023FF1E9000283791 /* Box.swift in Sources */,
				E069569C23D776BF0001F903 /* AppDelegate.swift in Sources */,
				E074BF4A23FB86A700334F8F /* CustomCell.swift in Sources */,
				E0CA772123E0BBEF00AE4955 /* OnboardingViewController.swift in Sources */,
				E074BF4823FB6B9900334F8F /* NewBoxViewController.swift in Sources */,
				E074BF4623FB519300334F8F /* HomeViewController.swift in Sources */,
				E0CA772323E35D0500AE4955 /* CustomView.swift in Sources */,
				E074BF5023FC715300334F8F /* CustomPastBoxCell.swift in Sources */,
				E074BF4223F51CD900334F8F /* UINavigationController+extensions.swift in Sources */,
				E074BF4E23FC682400334F8F /* PastBoxesViewController.swift in Sources */,
				E074BF4C23FB937600334F8F /* Cell.swift in Sources */,
				E069569E23D776BF0001F903 /* SceneDelegate.swift in Sources */,
				E06956A623D776BF0001F903 /* ContraintsPractice.xcdatamodeld in Sources */,
			);
			runOnlyForDeploymentPostprocessing = 0;
		};
/* End PBXSourcesBuildPhase section */

/* Begin PBXVariantGroup section */
		E06956A923D776C10001F903 /* LaunchScreen.storyboard */ = {
			isa = PBXVariantGroup;
			children = (
				E06956AA23D776C10001F903 /* Base */,
			);
			name = LaunchScreen.storyboard;
			sourceTree = "<group>";
		};
/* End PBXVariantGroup section */

/* Begin XCBuildConfiguration section */
		E06956AD23D776C10001F903 /* Debug */ = {
			isa = XCBuildConfiguration;
			buildSettings = {
				ALWAYS_SEARCH_USER_PATHS = NO;
				CLANG_ANALYZER_NONNULL = YES;
				CLANG_ANALYZER_NUMBER_OBJECT_CONVERSION = YES_AGGRESSIVE;
				CLANG_CXX_LANGUAGE_STANDARD = "gnu++14";
				CLANG_CXX_LIBRARY = "libc++";
				CLANG_ENABLE_MODULES = YES;
				CLANG_ENABLE_OBJC_ARC = YES;
				CLANG_ENABLE_OBJC_WEAK = YES;
				CLANG_WARN_BLOCK_CAPTURE_AUTORELEASING = YES;
				CLANG_WARN_BOOL_CONVERSION = YES;
				CLANG_WARN_COMMA = YES;
				CLANG_WARN_CONSTANT_CONVERSION = YES;
				CLANG_WARN_DEPRECATED_OBJC_IMPLEMENTATIONS = YES;
				CLANG_WARN_DIRECT_OBJC_ISA_USAGE = YES_ERROR;
				CLANG_WARN_DOCUMENTATION_COMMENTS = YES;
				CLANG_WARN_EMPTY_BODY = YES;
				CLANG_WARN_ENUM_CONVERSION = YES;
				CLANG_WARN_INFINITE_RECURSION = YES;
				CLANG_WARN_INT_CONVERSION = YES;
				CLANG_WARN_NON_LITERAL_NULL_CONVERSION = YES;
				CLANG_WARN_OBJC_IMPLICIT_RETAIN_SELF = YES;
				CLANG_WARN_OBJC_LITERAL_CONVERSION = YES;
				CLANG_WARN_OBJC_ROOT_CLASS = YES_ERROR;
				CLANG_WARN_RANGE_LOOP_ANALYSIS = YES;
				CLANG_WARN_STRICT_PROTOTYPES = YES;
				CLANG_WARN_SUSPICIOUS_MOVE = YES;
				CLANG_WARN_UNGUARDED_AVAILABILITY = YES_AGGRESSIVE;
				CLANG_WARN_UNREACHABLE_CODE = YES;
				CLANG_WARN__DUPLICATE_METHOD_MATCH = YES;
				COPY_PHASE_STRIP = NO;
				DEBUG_INFORMATION_FORMAT = dwarf;
				ENABLE_STRICT_OBJC_MSGSEND = YES;
				ENABLE_TESTABILITY = YES;
				GCC_C_LANGUAGE_STANDARD = gnu11;
				GCC_DYNAMIC_NO_PIC = NO;
				GCC_NO_COMMON_BLOCKS = YES;
				GCC_OPTIMIZATION_LEVEL = 0;
				GCC_PREPROCESSOR_DEFINITIONS = (
					"DEBUG=1",
					"$(inherited)",
				);
				GCC_WARN_64_TO_32_BIT_CONVERSION = YES;
				GCC_WARN_ABOUT_RETURN_TYPE = YES_ERROR;
				GCC_WARN_UNDECLARED_SELECTOR = YES;
				GCC_WARN_UNINITIALIZED_AUTOS = YES_AGGRESSIVE;
				GCC_WARN_UNUSED_FUNCTION = YES;
				GCC_WARN_UNUSED_VARIABLE = YES;
				IPHONEOS_DEPLOYMENT_TARGET = 13.2;
				MTL_ENABLE_DEBUG_INFO = INCLUDE_SOURCE;
				MTL_FAST_MATH = YES;
				ONLY_ACTIVE_ARCH = YES;
				SDKROOT = iphoneos;
				SWIFT_ACTIVE_COMPILATION_CONDITIONS = DEBUG;
				SWIFT_OPTIMIZATION_LEVEL = "-Onone";
			};
			name = Debug;
		};
		E06956AE23D776C10001F903 /* Release */ = {
			isa = XCBuildConfiguration;
			buildSettings = {
				ALWAYS_SEARCH_USER_PATHS = NO;
				CLANG_ANALYZER_NONNULL = YES;
				CLANG_ANALYZER_NUMBER_OBJECT_CONVERSION = YES_AGGRESSIVE;
				CLANG_CXX_LANGUAGE_STANDARD = "gnu++14";
				CLANG_CXX_LIBRARY = "libc++";
				CLANG_ENABLE_MODULES = YES;
				CLANG_ENABLE_OBJC_ARC = YES;
				CLANG_ENABLE_OBJC_WEAK = YES;
				CLANG_WARN_BLOCK_CAPTURE_AUTORELEASING = YES;
				CLANG_WARN_BOOL_CONVERSION = YES;
				CLANG_WARN_COMMA = YES;
				CLANG_WARN_CONSTANT_CONVERSION = YES;
				CLANG_WARN_DEPRECATED_OBJC_IMPLEMENTATIONS = YES;
				CLANG_WARN_DIRECT_OBJC_ISA_USAGE = YES_ERROR;
				CLANG_WARN_DOCUMENTATION_COMMENTS = YES;
				CLANG_WARN_EMPTY_BODY = YES;
				CLANG_WARN_ENUM_CONVERSION = YES;
				CLANG_WARN_INFINITE_RECURSION = YES;
				CLANG_WARN_INT_CONVERSION = YES;
				CLANG_WARN_NON_LITERAL_NULL_CONVERSION = YES;
				CLANG_WARN_OBJC_IMPLICIT_RETAIN_SELF = YES;
				CLANG_WARN_OBJC_LITERAL_CONVERSION = YES;
				CLANG_WARN_OBJC_ROOT_CLASS = YES_ERROR;
				CLANG_WARN_RANGE_LOOP_ANALYSIS = YES;
				CLANG_WARN_STRICT_PROTOTYPES = YES;
				CLANG_WARN_SUSPICIOUS_MOVE = YES;
				CLANG_WARN_UNGUARDED_AVAILABILITY = YES_AGGRESSIVE;
				CLANG_WARN_UNREACHABLE_CODE = YES;
				CLANG_WARN__DUPLICATE_METHOD_MATCH = YES;
				COPY_PHASE_STRIP = NO;
				DEBUG_INFORMATION_FORMAT = "dwarf-with-dsym";
				ENABLE_NS_ASSERTIONS = NO;
				ENABLE_STRICT_OBJC_MSGSEND = YES;
				GCC_C_LANGUAGE_STANDARD = gnu11;
				GCC_NO_COMMON_BLOCKS = YES;
				GCC_WARN_64_TO_32_BIT_CONVERSION = YES;
				GCC_WARN_ABOUT_RETURN_TYPE = YES_ERROR;
				GCC_WARN_UNDECLARED_SELECTOR = YES;
				GCC_WARN_UNINITIALIZED_AUTOS = YES_AGGRESSIVE;
				GCC_WARN_UNUSED_FUNCTION = YES;
				GCC_WARN_UNUSED_VARIABLE = YES;
				IPHONEOS_DEPLOYMENT_TARGET = 13.2;
				MTL_ENABLE_DEBUG_INFO = NO;
				MTL_FAST_MATH = YES;
				SDKROOT = iphoneos;
				SWIFT_COMPILATION_MODE = wholemodule;
				SWIFT_OPTIMIZATION_LEVEL = "-O";
				VALIDATE_PRODUCT = YES;
			};
			name = Release;
		};
		E06956B023D776C10001F903 /* Debug */ = {
			isa = XCBuildConfiguration;
			baseConfigurationReference = 3A6BE21E05784854CB057431 /* Pods-ContraintsPractice.debug.xcconfig */;
			buildSettings = {
				ASSETCATALOG_COMPILER_APPICON_NAME = AppIcon;
				CODE_SIGN_STYLE = Automatic;
				DEVELOPMENT_TEAM = 5279V8AMRR;
				INFOPLIST_FILE = ContraintsPractice/Info.plist;
				LD_RUNPATH_SEARCH_PATHS = (
					"$(inherited)",
					"@executable_path/Frameworks",
				);
				PRODUCT_BUNDLE_IDENTIFIER = com.GonzaloBirrueta.ContraintsPractice;
				PRODUCT_NAME = "$(TARGET_NAME)";
				SWIFT_VERSION = 5.0;
				TARGETED_DEVICE_FAMILY = "1,2";
			};
			name = Debug;
		};
		E06956B123D776C10001F903 /* Release */ = {
			isa = XCBuildConfiguration;
			baseConfigurationReference = 8E5DDA8F90EEAA36A244610F /* Pods-ContraintsPractice.release.xcconfig */;
			buildSettings = {
				ASSETCATALOG_COMPILER_APPICON_NAME = AppIcon;
				CODE_SIGN_STYLE = Automatic;
				DEVELOPMENT_TEAM = 5279V8AMRR;
				INFOPLIST_FILE = ContraintsPractice/Info.plist;
				LD_RUNPATH_SEARCH_PATHS = (
					"$(inherited)",
					"@executable_path/Frameworks",
				);
				PRODUCT_BUNDLE_IDENTIFIER = com.GonzaloBirrueta.ContraintsPractice;
				PRODUCT_NAME = "$(TARGET_NAME)";
				SWIFT_VERSION = 5.0;
				TARGETED_DEVICE_FAMILY = "1,2";
			};
			name = Release;
		};
/* End XCBuildConfiguration section */

/* Begin XCConfigurationList section */
		E069569323D776BF0001F903 /* Build configuration list for PBXProject "ContraintsPractice" */ = {
			isa = XCConfigurationList;
			buildConfigurations = (
				E06956AD23D776C10001F903 /* Debug */,
				E06956AE23D776C10001F903 /* Release */,
			);
			defaultConfigurationIsVisible = 0;
			defaultConfigurationName = Release;
		};
		E06956AF23D776C10001F903 /* Build configuration list for PBXNativeTarget "ContraintsPractice" */ = {
			isa = XCConfigurationList;
			buildConfigurations = (
				E06956B023D776C10001F903 /* Debug */,
				E06956B123D776C10001F903 /* Release */,
			);
			defaultConfigurationIsVisible = 0;
			defaultConfigurationName = Release;
		};
/* End XCConfigurationList section */

/* Begin XCVersionGroup section */
		E06956A423D776BF0001F903 /* ContraintsPractice.xcdatamodeld */ = {
			isa = XCVersionGroup;
			children = (
				E06956A523D776BF0001F903 /* ContraintsPractice.xcdatamodel */,
			);
			currentVersion = E06956A523D776BF0001F903 /* ContraintsPractice.xcdatamodel */;
			path = ContraintsPractice.xcdatamodeld;
			sourceTree = "<group>";
			versionGroupType = wrapper.xcdatamodel;
		};
/* End XCVersionGroup section */
	};
	rootObject = E069569023D776BF0001F903 /* Project object */;
}
